
Microsoft Visual Studio Solution File, Format Version 12.00
# Visual Studio Version 18
VisualStudioVersion = 18.3.11301.21
MinimumVisualStudioVersion = 10.0.40219.1
Project("{9A19103F-16F7-4668-BE54-9A1E7A4F7556}") = "Microsoft.Wim", "src\Microsoft.Wim\Microsoft.Wim.csproj", "{2D098368-E3DE-4C16-B5BD-6223A6476483}"
EndProject
Project("{9A19103F-16F7-4668-BE54-9A1E7A4F7556}") = "Microsoft.Wim.Tests", "src\Microsoft.Wim.Tests\Microsoft.Wim.Tests.csproj", "{559FF8BC-727A-4BE2-8BC0-F23DD129FE4A}"
EndProject
Project("{2150E333-8FDC-42A3-9474-1A3956D46DE8}") = "Solution Items", "Solution Items", "{891ED303-4B28-422E-8D68-4A64CB5F5827}"
	ProjectSection(SolutionItems) = preProject
		.editorconfig = .editorconfig
		.gitignore = .gitignore
		CONTRIBUTING.md = CONTRIBUTING.md
		Directory.Build.props = Directory.Build.props
		Directory.Build.rsp = Directory.Build.rsp
		Directory.Build.targets = Directory.Build.targets
		Directory.Packages.props = Directory.Packages.props
		key.snk = key.snk
		LICENSE = LICENSE
		NuGet.config = NuGet.config
		README.md = README.md
		version.json = version.json
		wimgapi.h = wimgapi.h
	EndProjectSection
EndProject
Project("{2150E333-8FDC-42A3-9474-1A3956D46DE8}") = ".github", ".github", "{34EB6BB4-DE96-4167-A4A0-46A25303E224}"
	ProjectSection(SolutionItems) = preProject
		.github\dependabot.yml = .github\dependabot.yml
	EndProjectSection
EndProject
Project("{2150E333-8FDC-42A3-9474-1A3956D46DE8}") = "workflows", "workflows", "{85084096-A738-4A8D-A87B-5BCC651E19DC}"
	ProjectSection(SolutionItems) = preProject
		.github\workflows\CI.yml = .github\workflows\CI.yml
		.github\workflows\Official.yml = .github\workflows\Official.yml
	EndProjectSection
EndProject
Global
	GlobalSection(SolutionConfigurationPlatforms) = preSolution
		Debug|Any CPU = Debug|Any CPU
		Release|Any CPU = Release|Any CPU
	EndGlobalSection
	GlobalSection(ProjectConfigurationPlatforms) = postSolution
		{2D098368-E3DE-4C16-B5BD-6223A6476483}.Debug|Any CPU.ActiveCfg = Debug|Any CPU
		{2D098368-E3DE-4C16-B5BD-6223A6476483}.Debug|Any CPU.Build.0 = Debug|Any CPU
		{2D098368-E3DE-4C16-B5BD-6223A6476483}.Release|Any CPU.ActiveCfg = Release|Any CPU
		{2D098368-E3DE-4C16-B5BD-6223A6476483}.Release|Any CPU.Build.0 = Release|Any CPU
		{559FF8BC-727A-4BE2-8BC0-F23DD129FE4A}.Debug|Any CPU.ActiveCfg = Debug|Any CPU
		{559FF8BC-727A-4BE2-8BC0-F23DD129FE4A}.Debug|Any CPU.Build.0 = Debug|Any CPU
		{559FF8BC-727A-4BE2-8BC0-F23DD129FE4A}.Release|Any CPU.ActiveCfg = Release|Any CPU
		{559FF8BC-727A-4BE2-8BC0-F23DD129FE4A}.Release|Any CPU.Build.0 = Release|Any CPU
	EndGlobalSection
	GlobalSection(SolutionProperties) = preSolution
		HideSolutionNode = FALSE
	EndGlobalSection
	GlobalSection(NestedProjects) = preSolution
		{34EB6BB4-DE96-4167-A4A0-46A25303E224} = {891ED303-4B28-422E-8D68-4A64CB5F5827}
		{85084096-A738-4A8D-A87B-5BCC651E19DC} = {34EB6BB4-DE96-4167-A4A0-46A25303E224}
	EndGlobalSection
	GlobalSection(ExtensibilityGlobals) = postSolution
		SolutionGuid = {A5781377-D2DB-4477-BC26-001AA4D65A21}
	EndGlobalSection
EndGlobal
