
Microsoft Visual Studio Solution File, Format Version 12.00
# Visual Studio 14
VisualStudioVersion = 14.0.25420.1
MinimumVisualStudioVersion = 10.0.40219.1
Project("{FAE04EC0-301F-11D3-BF4B-00C04F79EFBC}") = "Microsoft.Wim", "Microsoft.Wim\Microsoft.Wim.csproj", "{2D098368-E3DE-4C16-B5BD-6223A6476483}"
EndProject
Project("{2150E333-8FDC-42A3-9474-1A3956D46DE8}") = "Solution Items", "Solution Items", "{ACEBD36D-52B4-4F23-9758-E695BCE247FA}"
	ProjectSection(SolutionItems) = preProject
		..\.build\local\Extensions\AssemblyInfo.props = ..\.build\local\Extensions\AssemblyInfo.props
		..\build.props = ..\build.props
		key.snk = key.snk
	EndProjectSection
EndProject
Project("{FAE04EC0-301F-11D3-BF4B-00C04F79EFBC}") = "Microsoft.Wim.Tests", "Microsoft.Wim.Tests\Microsoft.Wim.Tests.csproj", "{559FF8BC-727A-4BE2-8BC0-F23DD129FE4A}"
EndProject
Global
	GlobalSection(SolutionConfigurationPlatforms) = preSolution
		Debug|Any CPU = Debug|Any CPU
		Release|Any CPU = Release|Any CPU
	EndGlobalSection
	GlobalSection(ProjectConfigurationPlatforms) = postSolution
		{2D098368-E3DE-4C16-B5BD-6223A6476483}.Debug|Any CPU.ActiveCfg = Debug|Any CPU
		{2D098368-E3DE-4C16-B5BD-6223A6476483}.Debug|Any CPU.Build.0 = Debug|Any CPU
		{2D098368-E3DE-4C16-B5BD-6223A6476483}.Release|Any CPU.ActiveCfg = Release|Any CPU
		{2D098368-E3DE-4C16-B5BD-6223A6476483}.Release|Any CPU.Build.0 = Release|Any CPU
		{559FF8BC-727A-4BE2-8BC0-F23DD129FE4A}.Debug|Any CPU.ActiveCfg = Debug|Any CPU
		{559FF8BC-727A-4BE2-8BC0-F23DD129FE4A}.Debug|Any CPU.Build.0 = Debug|Any CPU
		{559FF8BC-727A-4BE2-8BC0-F23DD129FE4A}.Release|Any CPU.ActiveCfg = Release|Any CPU
		{559FF8BC-727A-4BE2-8BC0-F23DD129FE4A}.Release|Any CPU.Build.0 = Release|Any CPU
	EndGlobalSection
	GlobalSection(SolutionProperties) = preSolution
		HideSolutionNode = FALSE
	EndGlobalSection
EndGlobal
